// !$*UTF8*$!
{
	archiveVersion = 1;
	classes = {
	};
	objectVersion = 46;
	objects = {

/* Begin PBXBuildFile section */
		1A0D7EC1150645330085BBED /* Sparkle.framework in Frameworks */ = {isa = PBXBuildFile; fileRef = 1A0D7EC0150645330085BBED /* Sparkle.framework */; };
		1A0D7EC2150645DC0085BBED /* Sparkle.framework in CopyFiles */ = {isa = PBXBuildFile; fileRef = 1A0D7EC0150645330085BBED /* Sparkle.framework */; };
		1A1FC5C5150300D3009CDD67 /* RCRTopicCellView.m in Sources */ = {isa = PBXBuildFile; fileRef = 1A1FC5C4150300D3009CDD67 /* RCRTopicCellView.m */; };
		1A1FC5C81503184E009CDD67 /* RCRTopic.m in Sources */ = {isa = PBXBuildFile; fileRef = 1A1FC5C71503184E009CDD67 /* RCRTopic.m */; };
		1A1FC5CB15032C26009CDD67 /* RCRTableRowView.m in Sources */ = {isa = PBXBuildFile; fileRef = 1A1FC5CA15032C25009CDD67 /* RCRTableRowView.m */; };
		1A1FC5CE15033875009CDD67 /* RCRUser.m in Sources */ = {isa = PBXBuildFile; fileRef = 1A1FC5CD15033875009CDD67 /* RCRUser.m */; };
		1A4FA721150618A200FB6B8D /* Credits.html in Resources */ = {isa = PBXBuildFile; fileRef = 1A4FA720150618A200FB6B8D /* Credits.html */; };
		1A6AB548150204DF00CC0516 /* CoreServices.framework in Frameworks */ = {isa = PBXBuildFile; fileRef = 1A6AB547150204DF00CC0516 /* CoreServices.framework */; };
		1A6AB54A1502050100CC0516 /* Security.framework in Frameworks */ = {isa = PBXBuildFile; fileRef = 1A6AB5491502050100CC0516 /* Security.framework */; };
		1A6AB54C1502051300CC0516 /* SystemConfiguration.framework in Frameworks */ = {isa = PBXBuildFile; fileRef = 1A6AB54B1502051300CC0516 /* SystemConfiguration.framework */; };
		1A6AB54E1502053400CC0516 /* libxml2.dylib in Frameworks */ = {isa = PBXBuildFile; fileRef = 1A6AB54D1502053400CC0516 /* libxml2.dylib */; };
		1A6AB5571502203A00CC0516 /* RCRTopicsViewController.m in Sources */ = {isa = PBXBuildFile; fileRef = 1A6AB5551502203A00CC0516 /* RCRTopicsViewController.m */; };
		1A6AB5581502203A00CC0516 /* RCRTopicsViewController.xib in Resources */ = {isa = PBXBuildFile; fileRef = 1A6AB5561502203A00CC0516 /* RCRTopicsViewController.xib */; };
		1A6AB56015022D5F00CC0516 /* RCRInfoViewController.m in Sources */ = {isa = PBXBuildFile; fileRef = 1A6AB55E15022D5F00CC0516 /* RCRInfoViewController.m */; };
		1A6AB56115022D5F00CC0516 /* RCRInfoViewController.xib in Resources */ = {isa = PBXBuildFile; fileRef = 1A6AB55F15022D5F00CC0516 /* RCRInfoViewController.xib */; };
		1A6AB5651502307800CC0516 /* RCROptionsViewController.m in Sources */ = {isa = PBXBuildFile; fileRef = 1A6AB5631502307800CC0516 /* RCROptionsViewController.m */; };
		1A6AB5661502307800CC0516 /* RCROptionsViewController.xib in Resources */ = {isa = PBXBuildFile; fileRef = 1A6AB5641502307800CC0516 /* RCROptionsViewController.xib */; };
		1A6AB56A1502318100CC0516 /* RCRAccountViewController.m in Sources */ = {isa = PBXBuildFile; fileRef = 1A6AB5681502318000CC0516 /* RCRAccountViewController.m */; };
		1A6AB56B1502318100CC0516 /* RCRAccountViewController.xib in Resources */ = {isa = PBXBuildFile; fileRef = 1A6AB5691502318000CC0516 /* RCRAccountViewController.xib */; };
		1A6ECA4A14FD0C3300A91FEF /* DBPrefsWindowController.m in Sources */ = {isa = PBXBuildFile; fileRef = 1A6ECA4514FD0C3300A91FEF /* DBPrefsWindowController.m */; };
		1A6ECA5614FD0FB400A91FEF /* RCRAppController.m in Sources */ = {isa = PBXBuildFile; fileRef = 1A6ECA5514FD0FB400A91FEF /* RCRAppController.m */; };
		1A859B9614FCECDF00EB7867 /* icon.icns in Resources */ = {isa = PBXBuildFile; fileRef = 1A859B9514FCECDF00EB7867 /* icon.icns */; };
		1A9488271506EBE2004B83CA /* RCRUserDetailViewController.m in Sources */ = {isa = PBXBuildFile; fileRef = 1A9488251506EBE2004B83CA /* RCRUserDetailViewController.m */; };
		1A9488281506EBE2004B83CA /* RCRUserDetailViewController.xib in Resources */ = {isa = PBXBuildFile; fileRef = 1A9488261506EBE2004B83CA /* RCRUserDetailViewController.xib */; };
		1AB1A92215076862008D287B /* ruby-china-gray.png in Resources */ = {isa = PBXBuildFile; fileRef = 1AB1A92115076862008D287B /* ruby-china-gray.png */; };
		1AB3321B1503769C000D9DEA /* pull-to-refresh-arrow.png in Resources */ = {isa = PBXBuildFile; fileRef = 1AB3320C1503769C000D9DEA /* pull-to-refresh-arrow.png */; };
		1AB3321D1503769C000D9DEA /* PullToRefreshClipView.m in Sources */ = {isa = PBXBuildFile; fileRef = 1AB332101503769C000D9DEA /* PullToRefreshClipView.m */; };
		1AB3321E1503769C000D9DEA /* PullToRefreshScrollView.m in Sources */ = {isa = PBXBuildFile; fileRef = 1AB332131503769C000D9DEA /* PullToRefreshScrollView.m */; };
		1AB3321F1503769C000D9DEA /* release-to-refresh.png in Resources */ = {isa = PBXBuildFile; fileRef = 1AB332141503769C000D9DEA /* release-to-refresh.png */; };
		1AB3322115037734000D9DEA /* QuartzCore.framework in Frameworks */ = {isa = PBXBuildFile; fileRef = 1AB3322015037734000D9DEA /* QuartzCore.framework */; };
		1AB3323315039034000D9DEA /* RestKit.framework in Frameworks */ = {isa = PBXBuildFile; fileRef = 1A6AB5411502037C00CC0516 /* RestKit.framework */; };
		1AB3323A150393C8000D9DEA /* RestKit.framework in CopyFiles */ = {isa = PBXBuildFile; fileRef = 1A6AB5411502037C00CC0516 /* RestKit.framework */; };
		1AFC258014FCDF1100443426 /* Cocoa.framework in Frameworks */ = {isa = PBXBuildFile; fileRef = 1AFC257F14FCDF1100443426 /* Cocoa.framework */; };
		1AFC258A14FCDF1100443426 /* InfoPlist.strings in Resources */ = {isa = PBXBuildFile; fileRef = 1AFC258814FCDF1100443426 /* InfoPlist.strings */; };
		1AFC258C14FCDF1100443426 /* main.m in Sources */ = {isa = PBXBuildFile; fileRef = 1AFC258B14FCDF1100443426 /* main.m */; };
		1AFC259314FCDF1100443426 /* RCRAppDelegate.m in Sources */ = {isa = PBXBuildFile; fileRef = 1AFC259214FCDF1100443426 /* RCRAppDelegate.m */; };
		1AFC259614FCDF1100443426 /* MainMenu.xib in Resources */ = {isa = PBXBuildFile; fileRef = 1AFC259414FCDF1100443426 /* MainMenu.xib */; };
		1AFC259E14FCDF1200443426 /* SenTestingKit.framework in Frameworks */ = {isa = PBXBuildFile; fileRef = 1AFC259D14FCDF1200443426 /* SenTestingKit.framework */; };
		1AFC259F14FCDF1200443426 /* Cocoa.framework in Frameworks */ = {isa = PBXBuildFile; fileRef = 1AFC257F14FCDF1100443426 /* Cocoa.framework */; };
		1AFC25A714FCDF1200443426 /* InfoPlist.strings in Resources */ = {isa = PBXBuildFile; fileRef = 1AFC25A514FCDF1200443426 /* InfoPlist.strings */; };
		1AFC25AA14FCDF1200443426 /* RubyChinaReaderTests.m in Sources */ = {isa = PBXBuildFile; fileRef = 1AFC25A914FCDF1200443426 /* RubyChinaReaderTests.m */; };
/* End PBXBuildFile section */

/* Begin PBXContainerItemProxy section */
		1A6AB53C1502037C00CC0516 /* PBXContainerItemProxy */ = {
			isa = PBXContainerItemProxy;
			containerPortal = 1A6AB5321502037C00CC0516 /* RestKit.xcodeproj */;
			proxyType = 2;
			remoteGlobalIDString = 25160D1614564E810060A5C5;
			remoteInfo = RestKit;
		};
		1A6AB53E1502037C00CC0516 /* PBXContainerItemProxy */ = {
			isa = PBXContainerItemProxy;
			containerPortal = 1A6AB5321502037C00CC0516 /* RestKit.xcodeproj */;
			proxyType = 2;
			remoteGlobalIDString = 25160D2614564E820060A5C5;
			remoteInfo = RestKitTests;
		};
		1A6AB5401502037C00CC0516 /* PBXContainerItemProxy */ = {
			isa = PBXContainerItemProxy;
			containerPortal = 1A6AB5321502037C00CC0516 /* RestKit.xcodeproj */;
			proxyType = 2;
			remoteGlobalIDString = 25160E62145651060060A5C5;
			remoteInfo = RestKitFramework;
		};
		1A6AB5421502037C00CC0516 /* PBXContainerItemProxy */ = {
			isa = PBXContainerItemProxy;
			containerPortal = 1A6AB5321502037C00CC0516 /* RestKit.xcodeproj */;
			proxyType = 2;
			remoteGlobalIDString = 25160E78145651060060A5C5;
			remoteInfo = RestKitFrameworkTests;
		};
		1A6AB5441502043900CC0516 /* PBXContainerItemProxy */ = {
			isa = PBXContainerItemProxy;
			containerPortal = 1A6AB5321502037C00CC0516 /* RestKit.xcodeproj */;
			proxyType = 1;
			remoteGlobalIDString = 25160E61145651060060A5C5;
			remoteInfo = RestKitFramework;
		};
		1AFC25A014FCDF1200443426 /* PBXContainerItemProxy */ = {
			isa = PBXContainerItemProxy;
			containerPortal = 1AFC257214FCDF1100443426 /* Project object */;
			proxyType = 1;
			remoteGlobalIDString = 1AFC257A14FCDF1100443426;
			remoteInfo = RubyChinaReader;
		};
/* End PBXContainerItemProxy section */

/* Begin PBXCopyFilesBuildPhase section */
		1AB33239150393B6000D9DEA /* CopyFiles */ = {
			isa = PBXCopyFilesBuildPhase;
			buildActionMask = 2147483647;
			dstPath = "";
			dstSubfolderSpec = 10;
			files = (
				1AB3323A150393C8000D9DEA /* RestKit.framework in CopyFiles */,
				1A0D7EC2150645DC0085BBED /* Sparkle.framework in CopyFiles */,
			);
			runOnlyForDeploymentPostprocessing = 0;
		};
/* End PBXCopyFilesBuildPhase section */

/* Begin PBXFileReference section */
		1A0D7EC0150645330085BBED /* Sparkle.framework */ = {isa = PBXFileReference; lastKnownFileType = wrapper.framework; path = Sparkle.framework; sourceTree = "<group>"; };
		1A1FC5C3150300D3009CDD67 /* RCRTopicCellView.h */ = {isa = PBXFileReference; fileEncoding = 4; lastKnownFileType = sourcecode.c.h; path = RCRTopicCellView.h; sourceTree = "<group>"; };
		1A1FC5C4150300D3009CDD67 /* RCRTopicCellView.m */ = {isa = PBXFileReference; fileEncoding = 4; lastKnownFileType = sourcecode.c.objc; path = RCRTopicCellView.m; sourceTree = "<group>"; };
		1A1FC5C61503184E009CDD67 /* RCRTopic.h */ = {isa = PBXFileReference; fileEncoding = 4; lastKnownFileType = sourcecode.c.h; path = RCRTopic.h; sourceTree = "<group>"; };
		1A1FC5C71503184E009CDD67 /* RCRTopic.m */ = {isa = PBXFileReference; fileEncoding = 4; lastKnownFileType = sourcecode.c.objc; path = RCRTopic.m; sourceTree = "<group>"; };
		1A1FC5C915032C25009CDD67 /* RCRTableRowView.h */ = {isa = PBXFileReference; fileEncoding = 4; lastKnownFileType = sourcecode.c.h; path = RCRTableRowView.h; sourceTree = "<group>"; };
		1A1FC5CA15032C25009CDD67 /* RCRTableRowView.m */ = {isa = PBXFileReference; fileEncoding = 4; lastKnownFileType = sourcecode.c.objc; path = RCRTableRowView.m; sourceTree = "<group>"; };
		1A1FC5CC15033875009CDD67 /* RCRUser.h */ = {isa = PBXFileReference; fileEncoding = 4; lastKnownFileType = sourcecode.c.h; path = RCRUser.h; sourceTree = "<group>"; };
		1A1FC5CD15033875009CDD67 /* RCRUser.m */ = {isa = PBXFileReference; fileEncoding = 4; lastKnownFileType = sourcecode.c.objc; path = RCRUser.m; sourceTree = "<group>"; };
		1A4FA720150618A200FB6B8D /* Credits.html */ = {isa = PBXFileReference; fileEncoding = 4; lastKnownFileType = text.html; name = Credits.html; path = Resources/Credits.html; sourceTree = "<group>"; };
		1A6AB5321502037C00CC0516 /* RestKit.xcodeproj */ = {isa = PBXFileReference; lastKnownFileType = "wrapper.pb-project"; name = RestKit.xcodeproj; path = SharedLib/RestKit/RestKit.xcodeproj; sourceTree = SOURCE_ROOT; };
		1A6AB547150204DF00CC0516 /* CoreServices.framework */ = {isa = PBXFileReference; lastKnownFileType = wrapper.framework; name = CoreServices.framework; path = System/Library/Frameworks/CoreServices.framework; sourceTree = SDKROOT; };
		1A6AB5491502050100CC0516 /* Security.framework */ = {isa = PBXFileReference; lastKnownFileType = wrapper.framework; name = Security.framework; path = System/Library/Frameworks/Security.framework; sourceTree = SDKROOT; };
		1A6AB54B1502051300CC0516 /* SystemConfiguration.framework */ = {isa = PBXFileReference; lastKnownFileType = wrapper.framework; name = SystemConfiguration.framework; path = System/Library/Frameworks/SystemConfiguration.framework; sourceTree = SDKROOT; };
		1A6AB54D1502053400CC0516 /* libxml2.dylib */ = {isa = PBXFileReference; lastKnownFileType = "compiled.mach-o.dylib"; name = libxml2.dylib; path = usr/lib/libxml2.dylib; sourceTree = SDKROOT; };
		1A6AB5541502203A00CC0516 /* RCRTopicsViewController.h */ = {isa = PBXFileReference; fileEncoding = 4; lastKnownFileType = sourcecode.c.h; path = RCRTopicsViewController.h; sourceTree = "<group>"; };
		1A6AB5551502203A00CC0516 /* RCRTopicsViewController.m */ = {isa = PBXFileReference; fileEncoding = 4; lastKnownFileType = sourcecode.c.objc; path = RCRTopicsViewController.m; sourceTree = "<group>"; };
		1A6AB5561502203A00CC0516 /* RCRTopicsViewController.xib */ = {isa = PBXFileReference; fileEncoding = 4; lastKnownFileType = file.xib; path = RCRTopicsViewController.xib; sourceTree = "<group>"; };
		1A6AB55D15022D5F00CC0516 /* RCRInfoViewController.h */ = {isa = PBXFileReference; fileEncoding = 4; lastKnownFileType = sourcecode.c.h; path = RCRInfoViewController.h; sourceTree = "<group>"; };
		1A6AB55E15022D5F00CC0516 /* RCRInfoViewController.m */ = {isa = PBXFileReference; fileEncoding = 4; lastKnownFileType = sourcecode.c.objc; path = RCRInfoViewController.m; sourceTree = "<group>"; };
		1A6AB55F15022D5F00CC0516 /* RCRInfoViewController.xib */ = {isa = PBXFileReference; fileEncoding = 4; lastKnownFileType = file.xib; path = RCRInfoViewController.xib; sourceTree = "<group>"; };
		1A6AB5621502307800CC0516 /* RCROptionsViewController.h */ = {isa = PBXFileReference; fileEncoding = 4; lastKnownFileType = sourcecode.c.h; path = RCROptionsViewController.h; sourceTree = "<group>"; };
		1A6AB5631502307800CC0516 /* RCROptionsViewController.m */ = {isa = PBXFileReference; fileEncoding = 4; lastKnownFileType = sourcecode.c.objc; path = RCROptionsViewController.m; sourceTree = "<group>"; };
		1A6AB5641502307800CC0516 /* RCROptionsViewController.xib */ = {isa = PBXFileReference; fileEncoding = 4; lastKnownFileType = file.xib; path = RCROptionsViewController.xib; sourceTree = "<group>"; };
		1A6AB5671502318000CC0516 /* RCRAccountViewController.h */ = {isa = PBXFileReference; fileEncoding = 4; lastKnownFileType = sourcecode.c.h; path = RCRAccountViewController.h; sourceTree = "<group>"; };
		1A6AB5681502318000CC0516 /* RCRAccountViewController.m */ = {isa = PBXFileReference; fileEncoding = 4; lastKnownFileType = sourcecode.c.objc; path = RCRAccountViewController.m; sourceTree = "<group>"; };
		1A6AB5691502318000CC0516 /* RCRAccountViewController.xib */ = {isa = PBXFileReference; fileEncoding = 4; lastKnownFileType = file.xib; path = RCRAccountViewController.xib; sourceTree = "<group>"; };
		1A6ECA4414FD0C3300A91FEF /* DBPrefsWindowController.h */ = {isa = PBXFileReference; fileEncoding = 4; lastKnownFileType = sourcecode.c.h; path = DBPrefsWindowController.h; sourceTree = "<group>"; };
		1A6ECA4514FD0C3300A91FEF /* DBPrefsWindowController.m */ = {isa = PBXFileReference; fileEncoding = 4; lastKnownFileType = sourcecode.c.objc; path = DBPrefsWindowController.m; sourceTree = "<group>"; };
		1A6ECA5214FD0E2C00A91FEF /* SynthesizeSingleton.h */ = {isa = PBXFileReference; fileEncoding = 4; lastKnownFileType = sourcecode.c.h; path = SynthesizeSingleton.h; sourceTree = "<group>"; };
		1A6ECA5414FD0FB400A91FEF /* RCRAppController.h */ = {isa = PBXFileReference; fileEncoding = 4; lastKnownFileType = sourcecode.c.h; path = RCRAppController.h; sourceTree = "<group>"; };
		1A6ECA5514FD0FB400A91FEF /* RCRAppController.m */ = {isa = PBXFileReference; fileEncoding = 4; lastKnownFileType = sourcecode.c.objc; path = RCRAppController.m; sourceTree = "<group>"; };
		1A859B9514FCECDF00EB7867 /* icon.icns */ = {isa = PBXFileReference; lastKnownFileType = image.icns; name = icon.icns; path = Resources/icon.icns; sourceTree = "<group>"; };
		1A9488241506EBE2004B83CA /* RCRUserDetailViewController.h */ = {isa = PBXFileReference; fileEncoding = 4; lastKnownFileType = sourcecode.c.h; path = RCRUserDetailViewController.h; sourceTree = "<group>"; };
		1A9488251506EBE2004B83CA /* RCRUserDetailViewController.m */ = {isa = PBXFileReference; fileEncoding = 4; lastKnownFileType = sourcecode.c.objc; path = RCRUserDetailViewController.m; sourceTree = "<group>"; };
		1A9488261506EBE2004B83CA /* RCRUserDetailViewController.xib */ = {isa = PBXFileReference; fileEncoding = 4; lastKnownFileType = file.xib; path = RCRUserDetailViewController.xib; sourceTree = "<group>"; };
		1AB1A92115076862008D287B /* ruby-china-gray.png */ = {isa = PBXFileReference; lastKnownFileType = image.png; name = "ruby-china-gray.png"; path = "Resources/ruby-china-gray.png"; sourceTree = "<group>"; };
		1AB3320C1503769C000D9DEA /* pull-to-refresh-arrow.png */ = {isa = PBXFileReference; lastKnownFileType = image.png; path = "pull-to-refresh-arrow.png"; sourceTree = "<group>"; };
		1AB3320F1503769C000D9DEA /* PullToRefreshClipView.h */ = {isa = PBXFileReference; fileEncoding = 4; lastKnownFileType = sourcecode.c.h; path = PullToRefreshClipView.h; sourceTree = "<group>"; };
		1AB332101503769C000D9DEA /* PullToRefreshClipView.m */ = {isa = PBXFileReference; fileEncoding = 4; lastKnownFileType = sourcecode.c.objc; path = PullToRefreshClipView.m; sourceTree = "<group>"; };
		1AB332111503769C000D9DEA /* PullToRefreshDelegate.h */ = {isa = PBXFileReference; fileEncoding = 4; lastKnownFileType = sourcecode.c.h; path = PullToRefreshDelegate.h; sourceTree = "<group>"; };
		1AB332121503769C000D9DEA /* PullToRefreshScrollView.h */ = {isa = PBXFileReference; fileEncoding = 4; lastKnownFileType = sourcecode.c.h; path = PullToRefreshScrollView.h; sourceTree = "<group>"; };
		1AB332131503769C000D9DEA /* PullToRefreshScrollView.m */ = {isa = PBXFileReference; fileEncoding = 4; lastKnownFileType = sourcecode.c.objc; path = PullToRefreshScrollView.m; sourceTree = "<group>"; };
		1AB332141503769C000D9DEA /* release-to-refresh.png */ = {isa = PBXFileReference; lastKnownFileType = image.png; path = "release-to-refresh.png"; sourceTree = "<group>"; };
		1AB3322015037734000D9DEA /* QuartzCore.framework */ = {isa = PBXFileReference; lastKnownFileType = wrapper.framework; name = QuartzCore.framework; path = System/Library/Frameworks/QuartzCore.framework; sourceTree = SDKROOT; };
		1AFC257B14FCDF1100443426 /* RubyChinaReader.app */ = {isa = PBXFileReference; explicitFileType = wrapper.application; includeInIndex = 0; path = RubyChinaReader.app; sourceTree = BUILT_PRODUCTS_DIR; };
		1AFC257F14FCDF1100443426 /* Cocoa.framework */ = {isa = PBXFileReference; lastKnownFileType = wrapper.framework; name = Cocoa.framework; path = System/Library/Frameworks/Cocoa.framework; sourceTree = SDKROOT; };
		1AFC258214FCDF1100443426 /* AppKit.framework */ = {isa = PBXFileReference; lastKnownFileType = wrapper.framework; name = AppKit.framework; path = System/Library/Frameworks/AppKit.framework; sourceTree = SDKROOT; };
		1AFC258314FCDF1100443426 /* CoreData.framework */ = {isa = PBXFileReference; lastKnownFileType = wrapper.framework; name = CoreData.framework; path = System/Library/Frameworks/CoreData.framework; sourceTree = SDKROOT; };
		1AFC258414FCDF1100443426 /* Foundation.framework */ = {isa = PBXFileReference; lastKnownFileType = wrapper.framework; name = Foundation.framework; path = System/Library/Frameworks/Foundation.framework; sourceTree = SDKROOT; };
		1AFC258714FCDF1100443426 /* RubyChinaReader-Info.plist */ = {isa = PBXFileReference; lastKnownFileType = text.plist.xml; path = "RubyChinaReader-Info.plist"; sourceTree = "<group>"; };
		1AFC258914FCDF1100443426 /* en */ = {isa = PBXFileReference; lastKnownFileType = text.plist.strings; name = en; path = en.lproj/InfoPlist.strings; sourceTree = "<group>"; };
		1AFC258B14FCDF1100443426 /* main.m */ = {isa = PBXFileReference; lastKnownFileType = sourcecode.c.objc; path = main.m; sourceTree = "<group>"; };
		1AFC258D14FCDF1100443426 /* RubyChinaReader-Prefix.pch */ = {isa = PBXFileReference; lastKnownFileType = sourcecode.c.h; path = "RubyChinaReader-Prefix.pch"; sourceTree = "<group>"; };
		1AFC259114FCDF1100443426 /* RCRAppDelegate.h */ = {isa = PBXFileReference; lastKnownFileType = sourcecode.c.h; path = RCRAppDelegate.h; sourceTree = "<group>"; };
		1AFC259214FCDF1100443426 /* RCRAppDelegate.m */ = {isa = PBXFileReference; lastKnownFileType = sourcecode.c.objc; path = RCRAppDelegate.m; sourceTree = "<group>"; };
		1AFC259514FCDF1100443426 /* en */ = {isa = PBXFileReference; lastKnownFileType = file.xib; name = en; path = en.lproj/MainMenu.xib; sourceTree = "<group>"; };
		1AFC259C14FCDF1200443426 /* RubyChinaReaderTests.octest */ = {isa = PBXFileReference; explicitFileType = wrapper.cfbundle; includeInIndex = 0; path = RubyChinaReaderTests.octest; sourceTree = BUILT_PRODUCTS_DIR; };
		1AFC259D14FCDF1200443426 /* SenTestingKit.framework */ = {isa = PBXFileReference; lastKnownFileType = wrapper.framework; name = SenTestingKit.framework; path = Library/Frameworks/SenTestingKit.framework; sourceTree = DEVELOPER_DIR; };
		1AFC25A414FCDF1200443426 /* RubyChinaReaderTests-Info.plist */ = {isa = PBXFileReference; lastKnownFileType = text.plist.xml; path = "RubyChinaReaderTests-Info.plist"; sourceTree = "<group>"; };
		1AFC25A614FCDF1200443426 /* en */ = {isa = PBXFileReference; lastKnownFileType = text.plist.strings; name = en; path = en.lproj/InfoPlist.strings; sourceTree = "<group>"; };
		1AFC25A814FCDF1200443426 /* RubyChinaReaderTests.h */ = {isa = PBXFileReference; lastKnownFileType = sourcecode.c.h; path = RubyChinaReaderTests.h; sourceTree = "<group>"; };
		1AFC25A914FCDF1200443426 /* RubyChinaReaderTests.m */ = {isa = PBXFileReference; lastKnownFileType = sourcecode.c.objc; path = RubyChinaReaderTests.m; sourceTree = "<group>"; };
/* End PBXFileReference section */

/* Begin PBXFrameworksBuildPhase section */
		1AFC257814FCDF1100443426 /* Frameworks */ = {
			isa = PBXFrameworksBuildPhase;
			buildActionMask = 2147483647;
			files = (
				1AB3323315039034000D9DEA /* RestKit.framework in Frameworks */,
				1AB3322115037734000D9DEA /* QuartzCore.framework in Frameworks */,
				1A6AB54E1502053400CC0516 /* libxml2.dylib in Frameworks */,
				1A6AB54C1502051300CC0516 /* SystemConfiguration.framework in Frameworks */,
				1A6AB54A1502050100CC0516 /* Security.framework in Frameworks */,
				1A6AB548150204DF00CC0516 /* CoreServices.framework in Frameworks */,
				1AFC258014FCDF1100443426 /* Cocoa.framework in Frameworks */,
				1A0D7EC1150645330085BBED /* Sparkle.framework in Frameworks */,
			);
			runOnlyForDeploymentPostprocessing = 0;
		};
		1AFC259814FCDF1200443426 /* Frameworks */ = {
			isa = PBXFrameworksBuildPhase;
			buildActionMask = 2147483647;
			files = (
				1AFC259E14FCDF1200443426 /* SenTestingKit.framework in Frameworks */,
				1AFC259F14FCDF1200443426 /* Cocoa.framework in Frameworks */,
			);
			runOnlyForDeploymentPostprocessing = 0;
		};
/* End PBXFrameworksBuildPhase section */

/* Begin PBXGroup section */
		1A6AB5331502037C00CC0516 /* Products */ = {
			isa = PBXGroup;
			children = (
				1A6AB53D1502037C00CC0516 /* libRestKit.a */,
				1A6AB53F1502037C00CC0516 /* RestKitTests.octest */,
				1A6AB5411502037C00CC0516 /* RestKit.framework */,
				1A6AB5431502037C00CC0516 /* RestKitFrameworkTests.octest */,
			);
			name = Products;
			sourceTree = "<group>";
		};
		1A6AB54F15021D9500CC0516 /* Models */ = {
			isa = PBXGroup;
			children = (
				1A1FC5C61503184E009CDD67 /* RCRTopic.h */,
				1A1FC5C71503184E009CDD67 /* RCRTopic.m */,
				1A1FC5CC15033875009CDD67 /* RCRUser.h */,
				1A1FC5CD15033875009CDD67 /* RCRUser.m */,
			);
			name = Models;
			sourceTree = "<group>";
		};
		1A6AB55015021DAD00CC0516 /* Views */ = {
			isa = PBXGroup;
			children = (
				1A1FC5C3150300D3009CDD67 /* RCRTopicCellView.h */,
				1A1FC5C4150300D3009CDD67 /* RCRTopicCellView.m */,
				1A1FC5C915032C25009CDD67 /* RCRTableRowView.h */,
				1A1FC5CA15032C25009CDD67 /* RCRTableRowView.m */,
			);
			name = Views;
			sourceTree = "<group>";
		};
		1A6EC9AC14FD0BDC00A91FEF /* Classes */ = {
			isa = PBXGroup;
			children = (
				1A6EC9AE14FD0BE700A91FEF /* SharedLib */,
				1A6ECA5014FD0E0F00A91FEF /* Utils */,
				1A6AB54F15021D9500CC0516 /* Models */,
				1A6AB55015021DAD00CC0516 /* Views */,
				1A6ECA5314FD0F5A00A91FEF /* Controllers */,
			);
			name = Classes;
			sourceTree = "<group>";
		};
		1A6EC9AE14FD0BE700A91FEF /* SharedLib */ = {
			isa = PBXGroup;
			children = (
				1AB332001503769C000D9DEA /* PullToRefresh */,
				1A6AB5321502037C00CC0516 /* RestKit.xcodeproj */,
				1A6ECA3F14FD0C3300A91FEF /* DBPrefsWindowController */,
			);
			name = SharedLib;
			sourceTree = "<group>";
		};
		1A6ECA3F14FD0C3300A91FEF /* DBPrefsWindowController */ = {
			isa = PBXGroup;
			children = (
				1A6ECA4414FD0C3300A91FEF /* DBPrefsWindowController.h */,
				1A6ECA4514FD0C3300A91FEF /* DBPrefsWindowController.m */,
			);
			name = DBPrefsWindowController;
			path = SharedLib/DBPrefsWindowController/Source;
			sourceTree = SOURCE_ROOT;
		};
		1A6ECA5014FD0E0F00A91FEF /* Utils */ = {
			isa = PBXGroup;
			children = (
				1A6ECA5214FD0E2C00A91FEF /* SynthesizeSingleton.h */,
			);
			name = Utils;
			sourceTree = "<group>";
		};
		1A6ECA5314FD0F5A00A91FEF /* Controllers */ = {
			isa = PBXGroup;
			children = (
				1A6ECA5414FD0FB400A91FEF /* RCRAppController.h */,
				1A6ECA5514FD0FB400A91FEF /* RCRAppController.m */,
				1A6AB5541502203A00CC0516 /* RCRTopicsViewController.h */,
				1A6AB5551502203A00CC0516 /* RCRTopicsViewController.m */,
				1A6AB5671502318000CC0516 /* RCRAccountViewController.h */,
				1A6AB5681502318000CC0516 /* RCRAccountViewController.m */,
				1A6AB5621502307800CC0516 /* RCROptionsViewController.h */,
				1A6AB5631502307800CC0516 /* RCROptionsViewController.m */,
				1A6AB55D15022D5F00CC0516 /* RCRInfoViewController.h */,
				1A6AB55E15022D5F00CC0516 /* RCRInfoViewController.m */,
				1A9488241506EBE2004B83CA /* RCRUserDetailViewController.h */,
				1A9488251506EBE2004B83CA /* RCRUserDetailViewController.m */,
			);
			name = Controllers;
			sourceTree = "<group>";
		};
		1A859B9314FCE78600EB7867 /* Resources */ = {
			isa = PBXGroup;
			children = (
				1AFC259414FCDF1100443426 /* MainMenu.xib */,
				1A6AB5561502203A00CC0516 /* RCRTopicsViewController.xib */,
				1A6AB5691502318000CC0516 /* RCRAccountViewController.xib */,
				1A6AB5641502307800CC0516 /* RCROptionsViewController.xib */,
				1A6AB55F15022D5F00CC0516 /* RCRInfoViewController.xib */,
				1A9488261506EBE2004B83CA /* RCRUserDetailViewController.xib */,
				1A859B9514FCECDF00EB7867 /* icon.icns */,
				1AB1A92115076862008D287B /* ruby-china-gray.png */,
				1A4FA720150618A200FB6B8D /* Credits.html */,
			);
			name = Resources;
			sourceTree = "<group>";
		};
		1AB332001503769C000D9DEA /* PullToRefresh */ = {
			isa = PBXGroup;
			children = (
				1AB3320C1503769C000D9DEA /* pull-to-refresh-arrow.png */,
				1AB332141503769C000D9DEA /* release-to-refresh.png */,
				1AB3320F1503769C000D9DEA /* PullToRefreshClipView.h */,
				1AB332101503769C000D9DEA /* PullToRefreshClipView.m */,
				1AB332111503769C000D9DEA /* PullToRefreshDelegate.h */,
				1AB332121503769C000D9DEA /* PullToRefreshScrollView.h */,
				1AB332131503769C000D9DEA /* PullToRefreshScrollView.m */,
			);
			name = PullToRefresh;
			path = SharedLib/PullToRefresh/PullToRefresh;
			sourceTree = SOURCE_ROOT;
		};
		1AFC257014FCDF1100443426 = {
			isa = PBXGroup;
			children = (
				1AFC258514FCDF1100443426 /* RubyChinaReader */,
				1AFC25A214FCDF1200443426 /* RubyChinaReaderTests */,
				1AFC257E14FCDF1100443426 /* Frameworks */,
				1AFC257C14FCDF1100443426 /* Products */,
			);
			sourceTree = "<group>";
		};
		1AFC257C14FCDF1100443426 /* Products */ = {
			isa = PBXGroup;
			children = (
				1AFC257B14FCDF1100443426 /* RubyChinaReader.app */,
				1AFC259C14FCDF1200443426 /* RubyChinaReaderTests.octest */,
			);
			name = Products;
			sourceTree = "<group>";
		};
		1AFC257E14FCDF1100443426 /* Frameworks */ = {
			isa = PBXGroup;
			children = (
				1A6AB54D1502053400CC0516 /* libxml2.dylib */,
				1A0D7EC0150645330085BBED /* Sparkle.framework */,
				1AB3322015037734000D9DEA /* QuartzCore.framework */,
				1A6AB54B1502051300CC0516 /* SystemConfiguration.framework */,
				1A6AB5491502050100CC0516 /* Security.framework */,
				1A6AB547150204DF00CC0516 /* CoreServices.framework */,
				1AFC257F14FCDF1100443426 /* Cocoa.framework */,
				1AFC259D14FCDF1200443426 /* SenTestingKit.framework */,
				1AFC258114FCDF1100443426 /* Other Frameworks */,
			);
			name = Frameworks;
			sourceTree = "<group>";
		};
		1AFC258114FCDF1100443426 /* Other Frameworks */ = {
			isa = PBXGroup;
			children = (
				1AFC258214FCDF1100443426 /* AppKit.framework */,
				1AFC258314FCDF1100443426 /* CoreData.framework */,
				1AFC258414FCDF1100443426 /* Foundation.framework */,
			);
			name = "Other Frameworks";
			sourceTree = "<group>";
		};
		1AFC258514FCDF1100443426 /* RubyChinaReader */ = {
			isa = PBXGroup;
			children = (
				1A6EC9AC14FD0BDC00A91FEF /* Classes */,
				1A859B9314FCE78600EB7867 /* Resources */,
				1AFC259114FCDF1100443426 /* RCRAppDelegate.h */,
				1AFC259214FCDF1100443426 /* RCRAppDelegate.m */,
				1AFC258614FCDF1100443426 /* Supporting Files */,
			);
			path = RubyChinaReader;
			sourceTree = "<group>";
		};
		1AFC258614FCDF1100443426 /* Supporting Files */ = {
			isa = PBXGroup;
			children = (
				1AFC258714FCDF1100443426 /* RubyChinaReader-Info.plist */,
				1AFC258814FCDF1100443426 /* InfoPlist.strings */,
				1AFC258B14FCDF1100443426 /* main.m */,
				1AFC258D14FCDF1100443426 /* RubyChinaReader-Prefix.pch */,
			);
			name = "Supporting Files";
			sourceTree = "<group>";
		};
		1AFC25A214FCDF1200443426 /* RubyChinaReaderTests */ = {
			isa = PBXGroup;
			children = (
				1AFC25A814FCDF1200443426 /* RubyChinaReaderTests.h */,
				1AFC25A914FCDF1200443426 /* RubyChinaReaderTests.m */,
				1AFC25A314FCDF1200443426 /* Supporting Files */,
			);
			path = RubyChinaReaderTests;
			sourceTree = "<group>";
		};
		1AFC25A314FCDF1200443426 /* Supporting Files */ = {
			isa = PBXGroup;
			children = (
				1AFC25A414FCDF1200443426 /* RubyChinaReaderTests-Info.plist */,
				1AFC25A514FCDF1200443426 /* InfoPlist.strings */,
			);
			name = "Supporting Files";
			sourceTree = "<group>";
		};
/* End PBXGroup section */

/* Begin PBXNativeTarget section */
		1AFC257A14FCDF1100443426 /* RubyChinaReader */ = {
			isa = PBXNativeTarget;
			buildConfigurationList = 1AFC25AD14FCDF1200443426 /* Build configuration list for PBXNativeTarget "RubyChinaReader" */;
			buildPhases = (
				1AFC257714FCDF1100443426 /* Sources */,
				1AFC257814FCDF1100443426 /* Frameworks */,
				1AFC257914FCDF1100443426 /* Resources */,
				1AB33239150393B6000D9DEA /* CopyFiles */,
			);
			buildRules = (
			);
			dependencies = (
				1A6AB5451502043900CC0516 /* PBXTargetDependency */,
			);
			name = RubyChinaReader;
			productName = RubyChinaReader;
			productReference = 1AFC257B14FCDF1100443426 /* RubyChinaReader.app */;
			productType = "com.apple.product-type.application";
		};
		1AFC259B14FCDF1200443426 /* RubyChinaReaderTests */ = {
			isa = PBXNativeTarget;
			buildConfigurationList = 1AFC25B014FCDF1200443426 /* Build configuration list for PBXNativeTarget "RubyChinaReaderTests" */;
			buildPhases = (
				1AFC259714FCDF1200443426 /* Sources */,
				1AFC259814FCDF1200443426 /* Frameworks */,
				1AFC259914FCDF1200443426 /* Resources */,
				1AFC259A14FCDF1200443426 /* ShellScript */,
			);
			buildRules = (
			);
			dependencies = (
				1AFC25A114FCDF1200443426 /* PBXTargetDependency */,
			);
			name = RubyChinaReaderTests;
			productName = RubyChinaReaderTests;
			productReference = 1AFC259C14FCDF1200443426 /* RubyChinaReaderTests.octest */;
			productType = "com.apple.product-type.bundle";
		};
/* End PBXNativeTarget section */

/* Begin PBXProject section */
		1AFC257214FCDF1100443426 /* Project object */ = {
			isa = PBXProject;
			attributes = {
				CLASSPREFIX = RCR;
				LastUpgradeCheck = 0430;
				ORGANIZATIONNAME = ashchan.com;
			};
			buildConfigurationList = 1AFC257514FCDF1100443426 /* Build configuration list for PBXProject "RubyChinaReader" */;
			compatibilityVersion = "Xcode 3.2";
			developmentRegion = English;
			hasScannedForEncodings = 0;
			knownRegions = (
				en,
				English,
			);
			mainGroup = 1AFC257014FCDF1100443426;
			productRefGroup = 1AFC257C14FCDF1100443426 /* Products */;
			projectDirPath = "";
			projectReferences = (
				{
					ProductGroup = 1A6AB5331502037C00CC0516 /* Products */;
					ProjectRef = 1A6AB5321502037C00CC0516 /* RestKit.xcodeproj */;
				},
			);
			projectRoot = "";
			targets = (
				1AFC257A14FCDF1100443426 /* RubyChinaReader */,
				1AFC259B14FCDF1200443426 /* RubyChinaReaderTests */,
			);
		};
/* End PBXProject section */

/* Begin PBXReferenceProxy section */
		1A6AB53D1502037C00CC0516 /* libRestKit.a */ = {
			isa = PBXReferenceProxy;
			fileType = archive.ar;
			path = libRestKit.a;
			remoteRef = 1A6AB53C1502037C00CC0516 /* PBXContainerItemProxy */;
			sourceTree = BUILT_PRODUCTS_DIR;
		};
		1A6AB53F1502037C00CC0516 /* RestKitTests.octest */ = {
			isa = PBXReferenceProxy;
			fileType = wrapper.cfbundle;
			path = RestKitTests.octest;
			remoteRef = 1A6AB53E1502037C00CC0516 /* PBXContainerItemProxy */;
			sourceTree = BUILT_PRODUCTS_DIR;
		};
		1A6AB5411502037C00CC0516 /* RestKit.framework */ = {
			isa = PBXReferenceProxy;
			fileType = wrapper.framework;
			path = RestKit.framework;
			remoteRef = 1A6AB5401502037C00CC0516 /* PBXContainerItemProxy */;
			sourceTree = BUILT_PRODUCTS_DIR;
		};
		1A6AB5431502037C00CC0516 /* RestKitFrameworkTests.octest */ = {
			isa = PBXReferenceProxy;
			fileType = wrapper.cfbundle;
			path = RestKitFrameworkTests.octest;
			remoteRef = 1A6AB5421502037C00CC0516 /* PBXContainerItemProxy */;
			sourceTree = BUILT_PRODUCTS_DIR;
		};
/* End PBXReferenceProxy section */

/* Begin PBXResourcesBuildPhase section */
		1AFC257914FCDF1100443426 /* Resources */ = {
			isa = PBXResourcesBuildPhase;
			buildActionMask = 2147483647;
			files = (
				1AFC258A14FCDF1100443426 /* InfoPlist.strings in Resources */,
				1AFC259614FCDF1100443426 /* MainMenu.xib in Resources */,
				1A859B9614FCECDF00EB7867 /* icon.icns in Resources */,
				1A6AB5581502203A00CC0516 /* RCRTopicsViewController.xib in Resources */,
				1A6AB56115022D5F00CC0516 /* RCRInfoViewController.xib in Resources */,
				1A6AB5661502307800CC0516 /* RCROptionsViewController.xib in Resources */,
				1A6AB56B1502318100CC0516 /* RCRAccountViewController.xib in Resources */,
				1AB3321B1503769C000D9DEA /* pull-to-refresh-arrow.png in Resources */,
				1AB3321F1503769C000D9DEA /* release-to-refresh.png in Resources */,
				1A4FA721150618A200FB6B8D /* Credits.html in Resources */,
				1A9488281506EBE2004B83CA /* RCRUserDetailViewController.xib in Resources */,
				1AB1A92215076862008D287B /* ruby-china-gray.png in Resources */,
			);
			runOnlyForDeploymentPostprocessing = 0;
		};
		1AFC259914FCDF1200443426 /* Resources */ = {
			isa = PBXResourcesBuildPhase;
			buildActionMask = 2147483647;
			files = (
				1AFC25A714FCDF1200443426 /* InfoPlist.strings in Resources */,
			);
			runOnlyForDeploymentPostprocessing = 0;
		};
/* End PBXResourcesBuildPhase section */

/* Begin PBXShellScriptBuildPhase section */
		1AFC259A14FCDF1200443426 /* ShellScript */ = {
			isa = PBXShellScriptBuildPhase;
			buildActionMask = 2147483647;
			files = (
			);
			inputPaths = (
			);
			outputPaths = (
			);
			runOnlyForDeploymentPostprocessing = 0;
			shellPath = /bin/sh;
			shellScript = "# Run the unit tests in this test bundle.\n\"${SYSTEM_DEVELOPER_DIR}/Tools/RunUnitTests\"\n";
		};
/* End PBXShellScriptBuildPhase section */

/* Begin PBXSourcesBuildPhase section */
		1AFC257714FCDF1100443426 /* Sources */ = {
			isa = PBXSourcesBuildPhase;
			buildActionMask = 2147483647;
			files = (
				1AFC258C14FCDF1100443426 /* main.m in Sources */,
				1AFC259314FCDF1100443426 /* RCRAppDelegate.m in Sources */,
				1A6ECA4A14FD0C3300A91FEF /* DBPrefsWindowController.m in Sources */,
				1A6ECA5614FD0FB400A91FEF /* RCRAppController.m in Sources */,
				1A6AB5571502203A00CC0516 /* RCRTopicsViewController.m in Sources */,
				1A6AB56015022D5F00CC0516 /* RCRInfoViewController.m in Sources */,
				1A6AB5651502307800CC0516 /* RCROptionsViewController.m in Sources */,
				1A6AB56A1502318100CC0516 /* RCRAccountViewController.m in Sources */,
				1A1FC5C5150300D3009CDD67 /* RCRTopicCellView.m in Sources */,
				1A1FC5C81503184E009CDD67 /* RCRTopic.m in Sources */,
				1A1FC5CB15032C26009CDD67 /* RCRTableRowView.m in Sources */,
				1A1FC5CE15033875009CDD67 /* RCRUser.m in Sources */,
				1AB3321D1503769C000D9DEA /* PullToRefreshClipView.m in Sources */,
				1AB3321E1503769C000D9DEA /* PullToRefreshScrollView.m in Sources */,
				1A9488271506EBE2004B83CA /* RCRUserDetailViewController.m in Sources */,
			);
			runOnlyForDeploymentPostprocessing = 0;
		};
		1AFC259714FCDF1200443426 /* Sources */ = {
			isa = PBXSourcesBuildPhase;
			buildActionMask = 2147483647;
			files = (
				1AFC25AA14FCDF1200443426 /* RubyChinaReaderTests.m in Sources */,
			);
			runOnlyForDeploymentPostprocessing = 0;
		};
/* End PBXSourcesBuildPhase section */

/* Begin PBXTargetDependency section */
		1A6AB5451502043900CC0516 /* PBXTargetDependency */ = {
			isa = PBXTargetDependency;
			name = RestKitFramework;
			targetProxy = 1A6AB5441502043900CC0516 /* PBXContainerItemProxy */;
		};
		1AFC25A114FCDF1200443426 /* PBXTargetDependency */ = {
			isa = PBXTargetDependency;
			target = 1AFC257A14FCDF1100443426 /* RubyChinaReader */;
			targetProxy = 1AFC25A014FCDF1200443426 /* PBXContainerItemProxy */;
		};
/* End PBXTargetDependency section */

/* Begin PBXVariantGroup section */
		1AFC258814FCDF1100443426 /* InfoPlist.strings */ = {
			isa = PBXVariantGroup;
			children = (
				1AFC258914FCDF1100443426 /* en */,
			);
			name = InfoPlist.strings;
			sourceTree = "<group>";
		};
		1AFC259414FCDF1100443426 /* MainMenu.xib */ = {
			isa = PBXVariantGroup;
			children = (
				1AFC259514FCDF1100443426 /* en */,
			);
			name = MainMenu.xib;
			sourceTree = "<group>";
		};
		1AFC25A514FCDF1200443426 /* InfoPlist.strings */ = {
			isa = PBXVariantGroup;
			children = (
				1AFC25A614FCDF1200443426 /* en */,
			);
			name = InfoPlist.strings;
			sourceTree = "<group>";
		};
/* End PBXVariantGroup section */

/* Begin XCBuildConfiguration section */
		1AFC25AB14FCDF1200443426 /* Debug */ = {
			isa = XCBuildConfiguration;
			buildSettings = {
				ALWAYS_SEARCH_USER_PATHS = NO;
				ARCHS = "$(ARCHS_STANDARD_64_BIT)";
				CLANG_ENABLE_OBJC_ARC = YES;
				COPY_PHASE_STRIP = NO;
				GCC_C_LANGUAGE_STANDARD = gnu99;
				GCC_DYNAMIC_NO_PIC = NO;
				GCC_ENABLE_OBJC_EXCEPTIONS = YES;
				GCC_OPTIMIZATION_LEVEL = 0;
				GCC_PREPROCESSOR_DEFINITIONS = (
					"DEBUG=1",
					"$(inherited)",
				);
				GCC_SYMBOLS_PRIVATE_EXTERN = NO;
				GCC_VERSION = com.apple.compilers.llvm.clang.1_0;
				GCC_WARN_64_TO_32_BIT_CONVERSION = YES;
				GCC_WARN_ABOUT_RETURN_TYPE = YES;
				GCC_WARN_UNINITIALIZED_AUTOS = YES;
				GCC_WARN_UNUSED_VARIABLE = YES;
				HEADER_SEARCH_PATHS = "\"$(BUILT_PRODUCTS_DIR)/../../Headers\"";
				MACOSX_DEPLOYMENT_TARGET = 10.7;
				ONLY_ACTIVE_ARCH = YES;
				OTHER_LDFLAGS = (
					"-ObjC",
					"-all_load",
				);
				SDKROOT = macosx;
			};
			name = Debug;
		};
		1AFC25AC14FCDF1200443426 /* Release */ = {
			isa = XCBuildConfiguration;
			buildSettings = {
				ALWAYS_SEARCH_USER_PATHS = NO;
				ARCHS = "$(ARCHS_STANDARD_64_BIT)";
				CLANG_ENABLE_OBJC_ARC = YES;
				COPY_PHASE_STRIP = YES;
				DEBUG_INFORMATION_FORMAT = "dwarf-with-dsym";
				GCC_C_LANGUAGE_STANDARD = gnu99;
				GCC_ENABLE_OBJC_EXCEPTIONS = YES;
				GCC_VERSION = com.apple.compilers.llvm.clang.1_0;
				GCC_WARN_64_TO_32_BIT_CONVERSION = YES;
				GCC_WARN_ABOUT_RETURN_TYPE = YES;
				GCC_WARN_UNINITIALIZED_AUTOS = YES;
				GCC_WARN_UNUSED_VARIABLE = YES;
				HEADER_SEARCH_PATHS = "\"$(BUILT_PRODUCTS_DIR)/../../Headers\"";
				MACOSX_DEPLOYMENT_TARGET = 10.7;
				OTHER_LDFLAGS = (
					"-ObjC",
					"-all_load",
				);
				SDKROOT = macosx;
			};
			name = Release;
		};
		1AFC25AE14FCDF1200443426 /* Debug */ = {
			isa = XCBuildConfiguration;
			buildSettings = {
				FRAMEWORK_SEARCH_PATHS = (
					"$(inherited)",
					"\"$(SRCROOT)\"",
				);
				GCC_PRECOMPILE_PREFIX_HEADER = YES;
				GCC_PREFIX_HEADER = "RubyChinaReader/RubyChinaReader-Prefix.pch";
				INFOPLIST_FILE = "RubyChinaReader/RubyChinaReader-Info.plist";
				MACOSX_DEPLOYMENT_TARGET = 10.7;
				PRODUCT_NAME = "$(TARGET_NAME)";
				WRAPPER_EXTENSION = app;
			};
			name = Debug;
		};
		1AFC25AF14FCDF1200443426 /* Release */ = {
			isa = XCBuildConfiguration;
			buildSettings = {
				FRAMEWORK_SEARCH_PATHS = (
					"$(inherited)",
					"\"$(SRCROOT)\"",
				);
				GCC_PRECOMPILE_PREFIX_HEADER = YES;
				GCC_PREFIX_HEADER = "RubyChinaReader/RubyChinaReader-Prefix.pch";
				INFOPLIST_FILE = "RubyChinaReader/RubyChinaReader-Info.plist";
				MACOSX_DEPLOYMENT_TARGET = 10.7;
				PRODUCT_NAME = "$(TARGET_NAME)";
				WRAPPER_EXTENSION = app;
			};
			name = Release;
		};
		1AFC25B114FCDF1200443426 /* Debug */ = {
			isa = XCBuildConfiguration;
			buildSettings = {
				BUNDLE_LOADER = "$(BUILT_PRODUCTS_DIR)/RubyChinaReader.app/Contents/MacOS/RubyChinaReader";
				FRAMEWORK_SEARCH_PATHS = "$(DEVELOPER_LIBRARY_DIR)/Frameworks";
				GCC_PRECOMPILE_PREFIX_HEADER = YES;
				GCC_PREFIX_HEADER = "RubyChinaReader/RubyChinaReader-Prefix.pch";
				INFOPLIST_FILE = "RubyChinaReaderTests/RubyChinaReaderTests-Info.plist";
				PRODUCT_NAME = "$(TARGET_NAME)";
				TEST_HOST = "$(BUNDLE_LOADER)";
				WRAPPER_EXTENSION = octest;
			};
			name = Debug;
		};
		1AFC25B214FCDF1200443426 /* Release */ = {
			isa = XCBuildConfiguration;
			buildSettings = {
				BUNDLE_LOADER = "$(BUILT_PRODUCTS_DIR)/RubyChinaReader.app/Contents/MacOS/RubyChinaReader";
				FRAMEWORK_SEARCH_PATHS = "$(DEVELOPER_LIBRARY_DIR)/Frameworks";
				GCC_PRECOMPILE_PREFIX_HEADER = YES;
				GCC_PREFIX_HEADER = "RubyChinaReader/RubyChinaReader-Prefix.pch";
				INFOPLIST_FILE = "RubyChinaReaderTests/RubyChinaReaderTests-Info.plist";
				PRODUCT_NAME = "$(TARGET_NAME)";
				TEST_HOST = "$(BUNDLE_LOADER)";
				WRAPPER_EXTENSION = octest;
			};
			name = Release;
		};
/* End XCBuildConfiguration section */

/* Begin XCConfigurationList section */
		1AFC257514FCDF1100443426 /* Build configuration list for PBXProject "RubyChinaReader" */ = {
			isa = XCConfigurationList;
			buildConfigurations = (
				1AFC25AB14FCDF1200443426 /* Debug */,
				1AFC25AC14FCDF1200443426 /* Release */,
			);
			defaultConfigurationIsVisible = 0;
			defaultConfigurationName = Release;
		};
		1AFC25AD14FCDF1200443426 /* Build configuration list for PBXNativeTarget "RubyChinaReader" */ = {
			isa = XCConfigurationList;
			buildConfigurations = (
				1AFC25AE14FCDF1200443426 /* Debug */,
				1AFC25AF14FCDF1200443426 /* Release */,
			);
			defaultConfigurationIsVisible = 0;
			defaultConfigurationName = Release;
		};
		1AFC25B014FCDF1200443426 /* Build configuration list for PBXNativeTarget "RubyChinaReaderTests" */ = {
			isa = XCConfigurationList;
			buildConfigurations = (
				1AFC25B114FCDF1200443426 /* Debug */,
				1AFC25B214FCDF1200443426 /* Release */,
			);
			defaultConfigurationIsVisible = 0;
			defaultConfigurationName = Release;
		};
/* End XCConfigurationList section */
	};
	rootObject = 1AFC257214FCDF1100443426 /* Project object */;
}
